Microsoft Visual Studio Solution File, Format Version 12.00
# Visual Studio Version 17
VisualStudioVersion = 17.5.2.0
MinimumVisualStudioVersion = 10.0.40219.1
Project("{2150E333-8FDC-42A3-9474-1A3956D46DE8}") = "src", "src", "{827E0CD3-B72D-47B6-A68D-7590B98EB39B}"
EndProject
Project("{2150E333-8FDC-42A3-9474-1A3956D46DE8}") = "Abstractions", "Abstractions", "{A6E7295D-475B-8BD4-CC01-ECAE8C18C7D4}"
EndProject
Project("{FAE04EC0-301F-11D3-BF4B-00C04F79EFBC}") = "MCPhappey.Agent2Agent", "src\Abstractions\MCPhappey.Agent2Agent\MCPhappey.Agent2Agent.csproj", "{46CC15B3-7AE5-E6F0-14F9-35EF894344B5}"
EndProject
Project("{FAE04EC0-301F-11D3-BF4B-00C04F79EFBC}") = "MCPhappey.Auth", "src\Abstractions\MCPhappey.Auth\MCPhappey.Auth.csproj", "{E8C7BE29-47C9-916D-F8A0-A8F95F60B30B}"
EndProject
Project("{FAE04EC0-301F-11D3-BF4B-00C04F79EFBC}") = "MCPhappey.Decoders", "src\Abstractions\MCPhappey.Decoders\MCPhappey.Decoders.csproj", "{1BDEC8D0-EAD6-383D-9469-AF40FC61BA2C}"
EndProject
Project("{FAE04EC0-301F-11D3-BF4B-00C04F79EFBC}") = "MCPhappey.Scrapers", "src\Abstractions\MCPhappey.Scrapers\MCPhappey.Scrapers.csproj", "{0D53DA7F-487A-CF99-C6AA-2817121BADE6}"
EndProject
Project("{FAE04EC0-301F-11D3-BF4B-00C04F79EFBC}") = "MCPhappey.Simplicate", "src\Abstractions\MCPhappey.Simplicate\MCPhappey.Simplicate.csproj", "{ABE3EA78-8B5C-4B53-6A9D-7768C5262FB9}"
EndProject
Project("{FAE04EC0-301F-11D3-BF4B-00C04F79EFBC}") = "MCPhappey.Telemetry", "src\Abstractions\MCPhappey.Telemetry\MCPhappey.Telemetry.csproj", "{99FBF0BE-2E51-B422-07F4-CE48BE853452}"
EndProject
Project("{FAE04EC0-301F-11D3-BF4B-00C04F79EFBC}") = "MCPhappey.Tools", "src\Abstractions\MCPhappey.Tools\MCPhappey.Tools.csproj", "{2A813248-CC27-EEF2-E9DB-8C7C3AEE4086}"
EndProject
Project("{2150E333-8FDC-42A3-9474-1A3956D46DE8}") = "Clients", "Clients", "{00B920E4-100F-D869-D8B1-04B3A2ED45DA}"
EndProject
Project("{FAE04EC0-301F-11D3-BF4B-00C04F79EFBC}") = "MCPhappey.Console", "src\Clients\MCPhappey.Clients.Console\MCPhappey.Console.csproj", "{F7AA3593-F17A-74D0-BB33-D388057EBA96}"
EndProject
Project("{2150E333-8FDC-42A3-9474-1A3956D46DE8}") = "Core", "Core", "{8D626EA8-CB54-BC41-363A-217881BEBA6E}"
EndProject
Project("{FAE04EC0-301F-11D3-BF4B-00C04F79EFBC}") = "MCPhappey.Common", "src\Core\MCPhappey.Common\MCPhappey.Common.csproj", "{050CEF18-12C2-644C-07C3-7F003DE2D2F7}"
EndProject
Project("{FAE04EC0-301F-11D3-BF4B-00C04F79EFBC}") = "MCPhappey.Core", "src\Core\MCPhappey.Core\MCPhappey.Core.csproj", "{4ABD27DD-84DD-FE8A-B3D2-1F8A9C9967F8}"
EndProject
Project("{2150E333-8FDC-42A3-9474-1A3956D46DE8}") = "Samples", "Samples", "{D1B4CF99-7947-DD6C-81D0-5B5B3989814C}"
EndProject
Project("{FAE04EC0-301F-11D3-BF4B-00C04F79EFBC}") = "MCPhappey.WebApi", "src\Samples\MCPhappey.WebApi\MCPhappey.WebApi.csproj", "{2B710C9D-851E-301C-2C37-5A2C913B91E1}"
EndProject
Project("{2150E333-8FDC-42A3-9474-1A3956D46DE8}") = "Servers", "Servers", "{CC80CF82-095A-9A70-E4AA-4F39E72E717A}"
EndProject
Project("{FAE04EC0-301F-11D3-BF4B-00C04F79EFBC}") = "MCPhappey.Servers.JSON", "src\Servers\MCPhappey.Servers.JSON\MCPhappey.Servers.JSON.csproj", "{330A846E-F169-E5D5-B745-9B5688E9E8FC}"
EndProject
Project("{FAE04EC0-301F-11D3-BF4B-00C04F79EFBC}") = "MCPhappey.Servers.SQL", "src\Servers\MCPhappey.Servers.SQL\MCPhappey.Servers.SQL.csproj", "{301DAB74-072E-B1B2-8CE3-F428404F4873}"
EndProject
Global
	GlobalSection(SolutionConfigurationPlatforms) = preSolution
		Debug|Any CPU = Debug|Any CPU
		Release|Any CPU = Release|Any CPU
	EndGlobalSection
	GlobalSection(ProjectConfigurationPlatforms) = postSolution
		{46CC15B3-7AE5-E6F0-14F9-35EF894344B5}.Debug|Any CPU.ActiveCfg = Debug|Any CPU
		{46CC15B3-7AE5-E6F0-14F9-35EF894344B5}.Debug|Any CPU.Build.0 = Debug|Any CPU
		{46CC15B3-7AE5-E6F0-14F9-35EF894344B5}.Release|Any CPU.ActiveCfg = Release|Any CPU
		{46CC15B3-7AE5-E6F0-14F9-35EF894344B5}.Release|Any CPU.Build.0 = Release|Any CPU
		{E8C7BE29-47C9-916D-F8A0-A8F95F60B30B}.Debug|Any CPU.ActiveCfg = Debug|Any CPU
		{E8C7BE29-47C9-916D-F8A0-A8F95F60B30B}.Debug|Any CPU.Build.0 = Debug|Any CPU
		{E8C7BE29-47C9-916D-F8A0-A8F95F60B30B}.Release|Any CPU.ActiveCfg = Release|Any CPU
		{E8C7BE29-47C9-916D-F8A0-A8F95F60B30B}.Release|Any CPU.Build.0 = Release|Any CPU
		{1BDEC8D0-EAD6-383D-9469-AF40FC61BA2C}.Debug|Any CPU.ActiveCfg = Debug|Any CPU
		{1BDEC8D0-EAD6-383D-9469-AF40FC61BA2C}.Debug|Any CPU.Build.0 = Debug|Any CPU
		{1BDEC8D0-EAD6-383D-9469-AF40FC61BA2C}.Release|Any CPU.ActiveCfg = Release|Any CPU
		{1BDEC8D0-EAD6-383D-9469-AF40FC61BA2C}.Release|Any CPU.Build.0 = Release|Any CPU
		{0D53DA7F-487A-CF99-C6AA-2817121BADE6}.Debug|Any CPU.ActiveCfg = Debug|Any CPU
		{0D53DA7F-487A-CF99-C6AA-2817121BADE6}.Debug|Any CPU.Build.0 = Debug|Any CPU
		{0D53DA7F-487A-CF99-C6AA-2817121BADE6}.Release|Any CPU.ActiveCfg = Release|Any CPU
		{0D53DA7F-487A-CF99-C6AA-2817121BADE6}.Release|Any CPU.Build.0 = Release|Any CPU
		{ABE3EA78-8B5C-4B53-6A9D-7768C5262FB9}.Debug|Any CPU.ActiveCfg = Debug|Any CPU
		{ABE3EA78-8B5C-4B53-6A9D-7768C5262FB9}.Debug|Any CPU.Build.0 = Debug|Any CPU
		{ABE3EA78-8B5C-4B53-6A9D-7768C5262FB9}.Release|Any CPU.ActiveCfg = Release|Any CPU
		{ABE3EA78-8B5C-4B53-6A9D-7768C5262FB9}.Release|Any CPU.Build.0 = Release|Any CPU
		{99FBF0BE-2E51-B422-07F4-CE48BE853452}.Debug|Any CPU.ActiveCfg = Debug|Any CPU
		{99FBF0BE-2E51-B422-07F4-CE48BE853452}.Debug|Any CPU.Build.0 = Debug|Any CPU
		{99FBF0BE-2E51-B422-07F4-CE48BE853452}.Release|Any CPU.ActiveCfg = Release|Any CPU
		{99FBF0BE-2E51-B422-07F4-CE48BE853452}.Release|Any CPU.Build.0 = Release|Any CPU
		{2A813248-CC27-EEF2-E9DB-8C7C3AEE4086}.Debug|Any CPU.ActiveCfg = Debug|Any CPU
		{2A813248-CC27-EEF2-E9DB-8C7C3AEE4086}.Debug|Any CPU.Build.0 = Debug|Any CPU
		{2A813248-CC27-EEF2-E9DB-8C7C3AEE4086}.Release|Any CPU.ActiveCfg = Release|Any CPU
		{2A813248-CC27-EEF2-E9DB-8C7C3AEE4086}.Release|Any CPU.Build.0 = Release|Any CPU
		{F7AA3593-F17A-74D0-BB33-D388057EBA96}.Debug|Any CPU.ActiveCfg = Debug|Any CPU
		{F7AA3593-F17A-74D0-BB33-D388057EBA96}.Debug|Any CPU.Build.0 = Debug|Any CPU
		{F7AA3593-F17A-74D0-BB33-D388057EBA96}.Release|Any CPU.ActiveCfg = Release|Any CPU
		{F7AA3593-F17A-74D0-BB33-D388057EBA96}.Release|Any CPU.Build.0 = Release|Any CPU
		{050CEF18-12C2-644C-07C3-7F003DE2D2F7}.Debug|Any CPU.ActiveCfg = Debug|Any CPU
		{050CEF18-12C2-644C-07C3-7F003DE2D2F7}.Debug|Any CPU.Build.0 = Debug|Any CPU
		{050CEF18-12C2-644C-07C3-7F003DE2D2F7}.Release|Any CPU.ActiveCfg = Release|Any CPU
		{050CEF18-12C2-644C-07C3-7F003DE2D2F7}.Release|Any CPU.Build.0 = Release|Any CPU
		{4ABD27DD-84DD-FE8A-B3D2-1F8A9C9967F8}.Debug|Any CPU.ActiveCfg = Debug|Any CPU
		{4ABD27DD-84DD-FE8A-B3D2-1F8A9C9967F8}.Debug|Any CPU.Build.0 = Debug|Any CPU
		{4ABD27DD-84DD-FE8A-B3D2-1F8A9C9967F8}.Release|Any CPU.ActiveCfg = Release|Any CPU
		{4ABD27DD-84DD-FE8A-B3D2-1F8A9C9967F8}.Release|Any CPU.Build.0 = Release|Any CPU
		{2B710C9D-851E-301C-2C37-5A2C913B91E1}.Debug|Any CPU.ActiveCfg = Debug|Any CPU
		{2B710C9D-851E-301C-2C37-5A2C913B91E1}.Debug|Any CPU.Build.0 = Debug|Any CPU
		{2B710C9D-851E-301C-2C37-5A2C913B91E1}.Release|Any CPU.ActiveCfg = Release|Any CPU
		{2B710C9D-851E-301C-2C37-5A2C913B91E1}.Release|Any CPU.Build.0 = Release|Any CPU
		{330A846E-F169-E5D5-B745-9B5688E9E8FC}.Debug|Any CPU.ActiveCfg = Debug|Any CPU
		{330A846E-F169-E5D5-B745-9B5688E9E8FC}.Debug|Any CPU.Build.0 = Debug|Any CPU
		{330A846E-F169-E5D5-B745-9B5688E9E8FC}.Release|Any CPU.ActiveCfg = Release|Any CPU
		{330A846E-F169-E5D5-B745-9B5688E9E8FC}.Release|Any CPU.Build.0 = Release|Any CPU
		{301DAB74-072E-B1B2-8CE3-F428404F4873}.Debug|Any CPU.ActiveCfg = Debug|Any CPU
		{301DAB74-072E-B1B2-8CE3-F428404F4873}.Debug|Any CPU.Build.0 = Debug|Any CPU
		{301DAB74-072E-B1B2-8CE3-F428404F4873}.Release|Any CPU.ActiveCfg = Release|Any CPU
		{301DAB74-072E-B1B2-8CE3-F428404F4873}.Release|Any CPU.Build.0 = Release|Any CPU
	EndGlobalSection
	GlobalSection(SolutionProperties) = preSolution
		HideSolutionNode = FALSE
	EndGlobalSection
	GlobalSection(NestedProjects) = preSolution
		{A6E7295D-475B-8BD4-CC01-ECAE8C18C7D4} = {827E0CD3-B72D-47B6-A68D-7590B98EB39B}
		{46CC15B3-7AE5-E6F0-14F9-35EF894344B5} = {A6E7295D-475B-8BD4-CC01-ECAE8C18C7D4}
		{E8C7BE29-47C9-916D-F8A0-A8F95F60B30B} = {A6E7295D-475B-8BD4-CC01-ECAE8C18C7D4}
		{1BDEC8D0-EAD6-383D-9469-AF40FC61BA2C} = {A6E7295D-475B-8BD4-CC01-ECAE8C18C7D4}
		{0D53DA7F-487A-CF99-C6AA-2817121BADE6} = {A6E7295D-475B-8BD4-CC01-ECAE8C18C7D4}
		{ABE3EA78-8B5C-4B53-6A9D-7768C5262FB9} = {A6E7295D-475B-8BD4-CC01-ECAE8C18C7D4}
		{99FBF0BE-2E51-B422-07F4-CE48BE853452} = {A6E7295D-475B-8BD4-CC01-ECAE8C18C7D4}
		{2A813248-CC27-EEF2-E9DB-8C7C3AEE4086} = {A6E7295D-475B-8BD4-CC01-ECAE8C18C7D4}
		{00B920E4-100F-D869-D8B1-04B3A2ED45DA} = {827E0CD3-B72D-47B6-A68D-7590B98EB39B}
		{F7AA3593-F17A-74D0-BB33-D388057EBA96} = {00B920E4-100F-D869-D8B1-04B3A2ED45DA}
		{8D626EA8-CB54-BC41-363A-217881BEBA6E} = {827E0CD3-B72D-47B6-A68D-7590B98EB39B}
		{050CEF18-12C2-644C-07C3-7F003DE2D2F7} = {8D626EA8-CB54-BC41-363A-217881BEBA6E}
		{4ABD27DD-84DD-FE8A-B3D2-1F8A9C9967F8} = {8D626EA8-CB54-BC41-363A-217881BEBA6E}
		{D1B4CF99-7947-DD6C-81D0-5B5B3989814C} = {827E0CD3-B72D-47B6-A68D-7590B98EB39B}
		{2B710C9D-851E-301C-2C37-5A2C913B91E1} = {D1B4CF99-7947-DD6C-81D0-5B5B3989814C}
		{CC80CF82-095A-9A70-E4AA-4F39E72E717A} = {827E0CD3-B72D-47B6-A68D-7590B98EB39B}
		{330A846E-F169-E5D5-B745-9B5688E9E8FC} = {CC80CF82-095A-9A70-E4AA-4F39E72E717A}
		{301DAB74-072E-B1B2-8CE3-F428404F4873} = {CC80CF82-095A-9A70-E4AA-4F39E72E717A}
	EndGlobalSection
	GlobalSection(ExtensibilityGlobals) = postSolution
		SolutionGuid = {A81658B8-7A63-4F3C-924F-8BE6C576FDCB}
	EndGlobalSection
EndGlobal
